// !$*UTF8*$!
{
	archiveVersion = 1;
	classes = {
	};
	objectVersion = 56;
	objects = {

/* Begin PBXBuildFile section */
		CB5CE3CD2916C20800433250 /* PlaytivityApp.swift in Sources */ = {isa = PBXBuildFile; fileRef = CB5CE3CC2916C20800433250 /* PlaytivityApp.swift */; };
		CB5CE3CF2916C20800433250 /* ContentView.swift in Sources */ = {isa = PBXBuildFile; fileRef = CB5CE3CE2916C20800433250 /* ContentView.swift */; };
		CB5CE3D12916C20900433250 /* Assets.xcassets in Resources */ = {isa = PBXBuildFile; fileRef = CB5CE3D02916C20900433250 /* Assets.xcassets */; };
		CB5CE3D42916C20900433250 /* Preview Assets.xcassets in Resources */ = {isa = PBXBuildFile; fileRef = CB5CE3D32916C20900433250 /* Preview Assets.xcassets */; };
		CB5CE3E92916C30A00433250 /* TabBar.swift in Sources */ = {isa = PBXBuildFile; fileRef = CB5CE3DD2916C30A00433250 /* TabBar.swift */; };
		CB5CE3EB2916C30A00433250 /* LogIn.swift in Sources */ = {isa = PBXBuildFile; fileRef = CB5CE3DF2916C30A00433250 /* LogIn.swift */; };
		CB5CE3EC2916C30A00433250 /* ProfileView.swift in Sources */ = {isa = PBXBuildFile; fileRef = CB5CE3E02916C30A00433250 /* ProfileView.swift */; };
		CB5CE3ED2916C30A00433250 /* MyProfile.swift in Sources */ = {isa = PBXBuildFile; fileRef = CB5CE3E12916C30A00433250 /* MyProfile.swift */; };
		CB5CE3EE2916C30A00433250 /* KidsActivity.swift in Sources */ = {isa = PBXBuildFile; fileRef = CB5CE3E22916C30A00433250 /* KidsActivity.swift */; };
		CB5CE3EF2916C30A00433250 /* SignUp.swift in Sources */ = {isa = PBXBuildFile; fileRef = CB5CE3E32916C30A00433250 /* SignUp.swift */; };
		CB5CE3F02916C30A00433250 /* HomeScreen.swift in Sources */ = {isa = PBXBuildFile; fileRef = CB5CE3E42916C30A00433250 /* HomeScreen.swift */; };
		CB5CE3F12916C30A00433250 /* SplashScreen.swift in Sources */ = {isa = PBXBuildFile; fileRef = CB5CE3E52916C30A00433250 /* SplashScreen.swift */; };
		CB5CE3F22916C30A00433250 /* DetailScreen.swift in Sources */ = {isa = PBXBuildFile; fileRef = CB5CE3E62916C30A00433250 /* DetailScreen.swift */; };
		CB5CE3F32916C30A00433250 /* Favorite.swift in Sources */ = {isa = PBXBuildFile; fileRef = CB5CE3E72916C30A00433250 /* Favorite.swift */; };
		CB5CE3F42916C30A00433250 /* HomeScreen2.swift in Sources */ = {isa = PBXBuildFile; fileRef = CB5CE3E82916C30A00433250 /* HomeScreen2.swift */; };
		CBE2D8012916C4CB00FC6F2B /* PlayfairDisplay-Bold.ttf in Resources */ = {isa = PBXBuildFile; fileRef = CBE2D7FB2916C4CB00FC6F2B /* PlayfairDisplay-Bold.ttf */; };
		CBE2D8022916C4CB00FC6F2B /* PlayfairDisplay-Regular.ttf in Resources */ = {isa = PBXBuildFile; fileRef = CBE2D7FC2916C4CB00FC6F2B /* PlayfairDisplay-Regular.ttf */; };
		CBE2D8032916C4CB00FC6F2B /* Header.swift in Sources */ = {isa = PBXBuildFile; fileRef = CBE2D7FE2916C4CB00FC6F2B /* Header.swift */; };
		CBE2D8042916C4CB00FC6F2B /* SectionTitleView.swift in Sources */ = {isa = PBXBuildFile; fileRef = CBE2D7FF2916C4CB00FC6F2B /* SectionTitleView.swift */; };
		CBE2D8052916C4CB00FC6F2B /* Catagories.swift in Sources */ = {isa = PBXBuildFile; fileRef = CBE2D8002916C4CB00FC6F2B /* Catagories.swift */; };
		CBE2D8062916C61B00FC6F2B /* MainTabBar.swift in Sources */ = {isa = PBXBuildFile; fileRef = CB5CE3DE2916C30A00433250 /* MainTabBar.swift */; };
/* End PBXBuildFile section */

/* Begin PBXFileReference section */
		CB5CE3C92916C20800433250 /* Playtivity.app */ = {isa = PBXFileReference; explicitFileType = wrapper.application; includeInIndex = 0; path = Playtivity.app; sourceTree = BUILT_PRODUCTS_DIR; };
		CB5CE3CC2916C20800433250 /* PlaytivityApp.swift */ = {isa = PBXFileReference; lastKnownFileType = sourcecode.swift; path = PlaytivityApp.swift; sourceTree = "<group>"; };
		CB5CE3CE2916C20800433250 /* ContentView.swift */ = {isa = PBXFileReference; lastKnownFileType = sourcecode.swift; path = ContentView.swift; sourceTree = "<group>"; };
		CB5CE3D02916C20900433250 /* Assets.xcassets */ = {isa = PBXFileReference; lastKnownFileType = folder.assetcatalog; path = Assets.xcassets; sourceTree = "<group>"; };
		CB5CE3D32916C20900433250 /* Preview Assets.xcassets */ = {isa = PBXFileReference; lastKnownFileType = folder.assetcatalog; path = "Preview Assets.xcassets"; sourceTree = "<group>"; };
		CB5CE3DD2916C30A00433250 /* TabBar.swift */ = {isa = PBXFileReference; fileEncoding = 4; lastKnownFileType = sourcecode.swift; path = TabBar.swift; sourceTree = "<group>"; };
		CB5CE3DE2916C30A00433250 /* MainTabBar.swift */ = {isa = PBXFileReference; fileEncoding = 4; lastKnownFileType = sourcecode.swift; path = MainTabBar.swift; sourceTree = "<group>"; };
		CB5CE3DF2916C30A00433250 /* LogIn.swift */ = {isa = PBXFileReference; fileEncoding = 4; lastKnownFileType = sourcecode.swift; path = LogIn.swift; sourceTree = "<group>"; };
		CB5CE3E02916C30A00433250 /* ProfileView.swift */ = {isa = PBXFileReference; fileEncoding = 4; lastKnownFileType = sourcecode.swift; path = ProfileView.swift; sourceTree = "<group>"; };
		CB5CE3E12916C30A00433250 /* MyProfile.swift */ = {isa = PBXFileReference; fileEncoding = 4; lastKnownFileType = sourcecode.swift; path = MyProfile.swift; sourceTree = "<group>"; };
		CB5CE3E22916C30A00433250 /* KidsActivity.swift */ = {isa = PBXFileReference; fileEncoding = 4; lastKnownFileType = sourcecode.swift; path = KidsActivity.swift; sourceTree = "<group>"; };
		CB5CE3E32916C30A00433250 /* SignUp.swift */ = {isa = PBXFileReference; fileEncoding = 4; lastKnownFileType = sourcecode.swift; path = SignUp.swift; sourceTree = "<group>"; };
		CB5CE3E42916C30A00433250 /* HomeScreen.swift */ = {isa = PBXFileReference; fileEncoding = 4; lastKnownFileType = sourcecode.swift; path = HomeScreen.swift; sourceTree = "<group>"; };
		CB5CE3E52916C30A00433250 /* SplashScreen.swift */ = {isa = PBXFileReference; fileEncoding = 4; lastKnownFileType = sourcecode.swift; path = SplashScreen.swift; sourceTree = "<group>"; };
		CB5CE3E62916C30A00433250 /* DetailScreen.swift */ = {isa = PBXFileReference; fileEncoding = 4; lastKnownFileType = sourcecode.swift; path = DetailScreen.swift; sourceTree = "<group>"; };
		CB5CE3E72916C30A00433250 /* Favorite.swift */ = {isa = PBXFileReference; fileEncoding = 4; lastKnownFileType = sourcecode.swift; path = Favorite.swift; sourceTree = "<group>"; };
		CB5CE3E82916C30A00433250 /* HomeScreen2.swift */ = {isa = PBXFileReference; fileEncoding = 4; lastKnownFileType = sourcecode.swift; path = HomeScreen2.swift; sourceTree = "<group>"; };
		CBE2D7FB2916C4CB00FC6F2B /* PlayfairDisplay-Bold.ttf */ = {isa = PBXFileReference; lastKnownFileType = file; path = "PlayfairDisplay-Bold.ttf"; sourceTree = "<group>"; };
		CBE2D7FC2916C4CB00FC6F2B /* PlayfairDisplay-Regular.ttf */ = {isa = PBXFileReference; lastKnownFileType = file; path = "PlayfairDisplay-Regular.ttf"; sourceTree = "<group>"; };
		CBE2D7FE2916C4CB00FC6F2B /* Header.swift */ = {isa = PBXFileReference; fileEncoding = 4; lastKnownFileType = sourcecode.swift; path = Header.swift; sourceTree = "<group>"; };
		CBE2D7FF2916C4CB00FC6F2B /* SectionTitleView.swift */ = {isa = PBXFileReference; fileEncoding = 4; lastKnownFileType = sourcecode.swift; path = SectionTitleView.swift; sourceTree = "<group>"; };
		CBE2D8002916C4CB00FC6F2B /* Catagories.swift */ = {isa = PBXFileReference; fileEncoding = 4; lastKnownFileType = sourcecode.swift; path = Catagories.swift; sourceTree = "<group>"; };
/* End PBXFileReference section */

/* Begin PBXFrameworksBuildPhase section */
		CB5CE3C62916C20800433250 /* Frameworks */ = {
			isa = PBXFrameworksBuildPhase;
			buildActionMask = 2147483647;
			files = (
			);
			runOnlyForDeploymentPostprocessing = 0;
		};
/* End PBXFrameworksBuildPhase section */

/* Begin PBXGroup section */
		CB5CE3C02916C20800433250 = {
			isa = PBXGroup;
			children = (
				CB5CE3CB2916C20800433250 /* Playtivity */,
				CB5CE3CA2916C20800433250 /* Products */,
			);
			sourceTree = "<group>";
		};
		CB5CE3CA2916C20800433250 /* Products */ = {
			isa = PBXGroup;
			children = (
				CB5CE3C92916C20800433250 /* Playtivity.app */,
			);
			name = Products;
			sourceTree = "<group>";
		};
		CB5CE3CB2916C20800433250 /* Playtivity */ = {
			isa = PBXGroup;
			children = (
				CBE2D7FD2916C4CB00FC6F2B /* components */,
				CBE2D7FA2916C4CB00FC6F2B /* Fonts */,
				CB5CE3CC2916C20800433250 /* PlaytivityApp.swift */,
				CB5CE3CE2916C20800433250 /* ContentView.swift */,
				CB5CE3DC2916C30A00433250 /* Screens */,
				CB5CE3D02916C20900433250 /* Assets.xcassets */,
				CB5CE3D22916C20900433250 /* Preview Content */,
			);
			path = Playtivity;
			sourceTree = "<group>";
		};
		CB5CE3D22916C20900433250 /* Preview Content */ = {
			isa = PBXGroup;
			children = (
				CB5CE3D32916C20900433250 /* Preview Assets.xcassets */,
			);
			path = "Preview Content";
			sourceTree = "<group>";
		};
		CB5CE3DC2916C30A00433250 /* Screens */ = {
			isa = PBXGroup;
			children = (
				CB5CE3DD2916C30A00433250 /* TabBar.swift */,
				CB5CE3DE2916C30A00433250 /* MainTabBar.swift */,
				CB5CE3DF2916C30A00433250 /* LogIn.swift */,
				CB5CE3E02916C30A00433250 /* ProfileView.swift */,
				CB5CE3E12916C30A00433250 /* MyProfile.swift */,
				CB5CE3E22916C30A00433250 /* KidsActivity.swift */,
				CB5CE3E32916C30A00433250 /* SignUp.swift */,
				CB5CE3E42916C30A00433250 /* HomeScreen.swift */,
				CB5CE3E52916C30A00433250 /* SplashScreen.swift */,
				CB5CE3E62916C30A00433250 /* DetailScreen.swift */,
				CB5CE3E72916C30A00433250 /* Favorite.swift */,
				CB5CE3E82916C30A00433250 /* HomeScreen2.swift */,
			);
			name = Screens;
			path = "../../../Downloads/Furniture-Shop-App-UI-SwiftUI/Furniture_app/Screens";
			sourceTree = "<group>";
		};
		CBE2D7FA2916C4CB00FC6F2B /* Fonts */ = {
			isa = PBXGroup;
			children = (
				CBE2D7FB2916C4CB00FC6F2B /* PlayfairDisplay-Bold.ttf */,
				CBE2D7FC2916C4CB00FC6F2B /* PlayfairDisplay-Regular.ttf */,
			);
			name = Fonts;
			path = "../../../Downloads/Furniture-Shop-App-UI-SwiftUI/Furniture_app/Fonts";
			sourceTree = "<group>";
		};
		CBE2D7FD2916C4CB00FC6F2B /* components */ = {
			isa = PBXGroup;
			children = (
				CBE2D7FE2916C4CB00FC6F2B /* Header.swift */,
				CBE2D7FF2916C4CB00FC6F2B /* SectionTitleView.swift */,
				CBE2D8002916C4CB00FC6F2B /* Catagories.swift */,
			);
			name = components;
			path = "../../../Downloads/Furniture-Shop-App-UI-SwiftUI/Furniture_app/components";
			sourceTree = "<group>";
		};
/* End PBXGroup section */

/* Begin PBXNativeTarget section */
		CB5CE3C82916C20800433250 /* Playtivity */ = {
			isa = PBXNativeTarget;
			buildConfigurationList = CB5CE3D72916C20900433250 /* Build configuration list for PBXNativeTarget "Playtivity" */;
			buildPhases = (
				CB5CE3C52916C20800433250 /* Sources */,
				CB5CE3C62916C20800433250 /* Frameworks */,
				CB5CE3C72916C20800433250 /* Resources */,
			);
			buildRules = (
			);
			dependencies = (
			);
			name = Playtivity;
			productName = Playtivity;
			productReference = CB5CE3C92916C20800433250 /* Playtivity.app */;
			productType = "com.apple.product-type.application";
		};
/* End PBXNativeTarget section */

/* Begin PBXProject section */
		CB5CE3C12916C20800433250 /* Project object */ = {
			isa = PBXProject;
			attributes = {
				BuildIndependentTargetsInParallel = 1;
				LastSwiftUpdateCheck = 1400;
				LastUpgradeCheck = 1400;
				TargetAttributes = {
					CB5CE3C82916C20800433250 = {
						CreatedOnToolsVersion = 14.0.1;
					};
				};
			};
			buildConfigurationList = CB5CE3C42916C20800433250 /* Build configuration list for PBXProject "Playtivity" */;
			compatibilityVersion = "Xcode 14.0";
			developmentRegion = en;
			hasScannedForEncodings = 0;
			knownRegions = (
				en,
				Base,
			);
			mainGroup = CB5CE3C02916C20800433250;
			productRefGroup = CB5CE3CA2916C20800433250 /* Products */;
			projectDirPath = "";
			projectRoot = "";
			targets = (
				CB5CE3C82916C20800433250 /* Playtivity */,
			);
		};
/* End PBXProject section */

/* Begin PBXResourcesBuildPhase section */
		CB5CE3C72916C20800433250 /* Resources */ = {
			isa = PBXResourcesBuildPhase;
			buildActionMask = 2147483647;
			files = (
				CBE2D8022916C4CB00FC6F2B /* PlayfairDisplay-Regular.ttf in Resources */,
				CBE2D8012916C4CB00FC6F2B /* PlayfairDisplay-Bold.ttf in Resources */,
				CB5CE3D42916C20900433250 /* Preview Assets.xcassets in Resources */,
				CB5CE3D12916C20900433250 /* Assets.xcassets in Resources */,
			);
			runOnlyForDeploymentPostprocessing = 0;
		};
/* End PBXResourcesBuildPhase section */

/* Begin PBXSourcesBuildPhase section */
		CB5CE3C52916C20800433250 /* Sources */ = {
			isa = PBXSourcesBuildPhase;
			buildActionMask = 2147483647;
			files = (
				CB5CE3EB2916C30A00433250 /* LogIn.swift in Sources */,
				CB5CE3F32916C30A00433250 /* Favorite.swift in Sources */,
				CBE2D8042916C4CB00FC6F2B /* SectionTitleView.swift in Sources */,
				CB5CE3E92916C30A00433250 /* TabBar.swift in Sources */,
				CB5CE3CF2916C20800433250 /* ContentView.swift in Sources */,
				CB5CE3ED2916C30A00433250 /* MyProfile.swift in Sources */,
				CBE2D8052916C4CB00FC6F2B /* Catagories.swift in Sources */,
				CB5CE3EE2916C30A00433250 /* KidsActivity.swift in Sources */,
				CB5CE3F42916C30A00433250 /* HomeScreen2.swift in Sources */,
				CB5CE3F12916C30A00433250 /* SplashScreen.swift in Sources */,
				CB5CE3F02916C30A00433250 /* HomeScreen.swift in Sources */,
				CBE2D8032916C4CB00FC6F2B /* Header.swift in Sources */,
				CB5CE3F22916C30A00433250 /* DetailScreen.swift in Sources */,
				CB5CE3EC2916C30A00433250 /* ProfileView.swift in Sources */,
				CB5CE3EF2916C30A00433250 /* SignUp.swift in Sources */,
				CBE2D8062916C61B00FC6F2B /* MainTabBar.swift in Sources */,
				CB5CE3CD2916C20800433250 /* PlaytivityApp.swift in Sources */,
			);
			runOnlyForDeploymentPostprocessing = 0;
		};
/* End PBXSourcesBuildPhase section */

/* Begin XCBuildConfiguration section */
		CB5CE3D52916C20900433250 /* Debug */ = {
			isa = XCBuildConfiguration;
			buildSettings = {
				ALWAYS_SEARCH_USER_PATHS = NO;
				CLANG_ANALYZER_NONNULL = YES;
				CLANG_ANALYZER_NUMBER_OBJECT_CONVERSION = YES_AGGRESSIVE;
				CLANG_CXX_LANGUAGE_STANDARD = "gnu++20";
				CLANG_ENABLE_MODULES = YES;
				CLANG_ENABLE_OBJC_ARC = YES;
				CLANG_ENABLE_OBJC_WEAK = YES;
				CLANG_WARN_BLOCK_CAPTURE_AUTORELEASING = YES;
				CLANG_WARN_BOOL_CONVERSION = YES;
				CLANG_WARN_COMMA = YES;
				CLANG_WARN_CONSTANT_CONVERSION = YES;
				CLANG_WARN_DEPRECATED_OBJC_IMPLEMENTATIONS = YES;
				CLANG_WARN_DIRECT_OBJC_ISA_USAGE = YES_ERROR;
				CLANG_WARN_DOCUMENTATION_COMMENTS = YES;
				CLANG_WARN_EMPTY_BODY = YES;
				CLANG_WARN_ENUM_CONVERSION = YES;
				CLANG_WARN_INFINITE_RECURSION = YES;
				CLANG_WARN_INT_CONVERSION = YES;
				CLANG_WARN_NON_LITERAL_NULL_CONVERSION = YES;
				CLANG_WARN_OBJC_IMPLICIT_RETAIN_SELF = YES;
				CLANG_WARN_OBJC_LITERAL_CONVERSION = YES;
				CLANG_WARN_OBJC_ROOT_CLASS = YES_ERROR;
				CLANG_WARN_QUOTED_INCLUDE_IN_FRAMEWORK_HEADER = YES;
				CLANG_WARN_RANGE_LOOP_ANALYSIS = YES;
				CLANG_WARN_STRICT_PROTOTYPES = YES;
				CLANG_WARN_SUSPICIOUS_MOVE = YES;
				CLANG_WARN_UNGUARDED_AVAILABILITY = YES_AGGRESSIVE;
				CLANG_WARN_UNREACHABLE_CODE = YES;
				CLANG_WARN__DUPLICATE_METHOD_MATCH = YES;
				COPY_PHASE_STRIP = NO;
				DEBUG_INFORMATION_FORMAT = dwarf;
				ENABLE_STRICT_OBJC_MSGSEND = YES;
				ENABLE_TESTABILITY = YES;
				GCC_C_LANGUAGE_STANDARD = gnu11;
				GCC_DYNAMIC_NO_PIC = NO;
				GCC_NO_COMMON_BLOCKS = YES;
				GCC_OPTIMIZATION_LEVEL = 0;
				GCC_PREPROCESSOR_DEFINITIONS = (
					"DEBUG=1",
					"$(inherited)",
				);
				GCC_WARN_64_TO_32_BIT_CONVERSION = YES;
				GCC_WARN_ABOUT_RETURN_TYPE = YES_ERROR;
				GCC_WARN_UNDECLARED_SELECTOR = YES;
				GCC_WARN_UNINITIALIZED_AUTOS = YES_AGGRESSIVE;
				GCC_WARN_UNUSED_FUNCTION = YES;
				GCC_WARN_UNUSED_VARIABLE = YES;
				IPHONEOS_DEPLOYMENT_TARGET = 16.0;
				MTL_ENABLE_DEBUG_INFO = INCLUDE_SOURCE;
				MTL_FAST_MATH = YES;
				ONLY_ACTIVE_ARCH = YES;
				SDKROOT = iphoneos;
				SWIFT_ACTIVE_COMPILATION_CONDITIONS = DEBUG;
				SWIFT_OPTIMIZATION_LEVEL = "-Onone";
			};
			name = Debug;
		};
		CB5CE3D62916C20900433250 /* Release */ = {
			isa = XCBuildConfiguration;
			buildSettings = {
				ALWAYS_SEARCH_USER_PATHS = NO;
				CLANG_ANALYZER_NONNULL = YES;
				CLANG_ANALYZER_NUMBER_OBJECT_CONVERSION = YES_AGGRESSIVE;
				CLANG_CXX_LANGUAGE_STANDARD = "gnu++20";
				CLANG_ENABLE_MODULES = YES;
				CLANG_ENABLE_OBJC_ARC = YES;
				CLANG_ENABLE_OBJC_WEAK = YES;
				CLANG_WARN_BLOCK_CAPTURE_AUTORELEASING = YES;
				CLANG_WARN_BOOL_CONVERSION = YES;
				CLANG_WARN_COMMA = YES;
				CLANG_WARN_CONSTANT_CONVERSION = YES;
				CLANG_WARN_DEPRECATED_OBJC_IMPLEMENTATIONS = YES;
				CLANG_WARN_DIRECT_OBJC_ISA_USAGE = YES_ERROR;
				CLANG_WARN_DOCUMENTATION_COMMENTS = YES;
				CLANG_WARN_EMPTY_BODY = YES;
				CLANG_WARN_ENUM_CONVERSION = YES;
				CLANG_WARN_INFINITE_RECURSION = YES;
				CLANG_WARN_INT_CONVERSION = YES;
				CLANG_WARN_NON_LITERAL_NULL_CONVERSION = YES;
				CLANG_WARN_OBJC_IMPLICIT_RETAIN_SELF = YES;
				CLANG_WARN_OBJC_LITERAL_CONVERSION = YES;
				CLANG_WARN_OBJC_ROOT_CLASS = YES_ERROR;
				CLANG_WARN_QUOTED_INCLUDE_IN_FRAMEWORK_HEADER = YES;
				CLANG_WARN_RANGE_LOOP_ANALYSIS = YES;
				CLANG_WARN_STRICT_PROTOTYPES = YES;
				CLANG_WARN_SUSPICIOUS_MOVE = YES;
				CLANG_WARN_UNGUARDED_AVAILABILITY = YES_AGGRESSIVE;
				CLANG_WARN_UNREACHABLE_CODE = YES;
				CLANG_WARN__DUPLICATE_METHOD_MATCH = YES;
				COPY_PHASE_STRIP = NO;
				DEBUG_INFORMATION_FORMAT = "dwarf-with-dsym";
				ENABLE_NS_ASSERTIONS = NO;
				ENABLE_STRICT_OBJC_MSGSEND = YES;
				GCC_C_LANGUAGE_STANDARD = gnu11;
				GCC_NO_COMMON_BLOCKS = YES;
				GCC_WARN_64_TO_32_BIT_CONVERSION = YES;
				GCC_WARN_ABOUT_RETURN_TYPE = YES_ERROR;
				GCC_WARN_UNDECLARED_SELECTOR = YES;
				GCC_WARN_UNINITIALIZED_AUTOS = YES_AGGRESSIVE;
				GCC_WARN_UNUSED_FUNCTION = YES;
				GCC_WARN_UNUSED_VARIABLE = YES;
				IPHONEOS_DEPLOYMENT_TARGET = 16.0;
				MTL_ENABLE_DEBUG_INFO = NO;
				MTL_FAST_MATH = YES;
				SDKROOT = iphoneos;
				SWIFT_COMPILATION_MODE = wholemodule;
				SWIFT_OPTIMIZATION_LEVEL = "-O";
				VALIDATE_PRODUCT = YES;
			};
			name = Release;
		};
		CB5CE3D82916C20900433250 /* Debug */ = {
			isa = XCBuildConfiguration;
			buildSettings = {
				ASSETCATALOG_COMPILER_APPICON_NAME = AppIcon;
				ASSETCATALOG_COMPILER_GLOBAL_ACCENT_COLOR_NAME = AccentColor;
				CODE_SIGN_STYLE = Automatic;
				CURRENT_PROJECT_VERSION = 1;
				DEVELOPMENT_ASSET_PATHS = "\"Playtivity/Preview Content\"";
				ENABLE_PREVIEWS = YES;
				GENERATE_INFOPLIST_FILE = YES;
				INFOPLIST_KEY_UIApplicationSceneManifest_Generation = YES;
				INFOPLIST_KEY_UIApplicationSupportsIndirectInputEvents = YES;
				INFOPLIST_KEY_UILaunchScreen_Generation = YES;
				INFOPLIST_KEY_UISupportedInterfaceOrientations_iPad = "UIInterfaceOrientationPortrait UIInterfaceOrientationPortraitUpsideDown UIInterfaceOrientationLandscapeLeft UIInterfaceOrientationLandscapeRight";
				INFOPLIST_KEY_UISupportedInterfaceOrientations_iPhone = "UIInterfaceOrientationPortrait UIInterfaceOrientationLandscapeLeft UIInterfaceOrientationLandscapeRight";
				LD_RUNPATH_SEARCH_PATHS = (
					"$(inherited)",
					"@executable_path/Frameworks",
				);
				MARKETING_VERSION = 1.0;
				PRODUCT_BUNDLE_IDENTIFIER = com.AppleAcademy.Playtivity;
				PRODUCT_NAME = "$(TARGET_NAME)";
				SWIFT_EMIT_LOC_STRINGS = YES;
				SWIFT_VERSION = 5.0;
				TARGETED_DEVICE_FAMILY = "1,2";
			};
			name = Debug;
		};
		CB5CE3D92916C20900433250 /* Release */ = {
			isa = XCBuildConfiguration;
			buildSettings = {
				ASSETCATALOG_COMPILER_APPICON_NAME = AppIcon;
				ASSETCATALOG_COMPILER_GLOBAL_ACCENT_COLOR_NAME = AccentColor;
				CODE_SIGN_STYLE = Automatic;
				CURRENT_PROJECT_VERSION = 1;
				DEVELOPMENT_ASSET_PATHS = "\"Playtivity/Preview Content\"";
				ENABLE_PREVIEWS = YES;
				GENERATE_INFOPLIST_FILE = YES;
				INFOPLIST_KEY_UIApplicationSceneManifest_Generation = YES;
				INFOPLIST_KEY_UIApplicationSupportsIndirectInputEvents = YES;
				INFOPLIST_KEY_UILaunchScreen_Generation = YES;
				INFOPLIST_KEY_UISupportedInterfaceOrientations_iPad = "UIInterfaceOrientationPortrait UIInterfaceOrientationPortraitUpsideDown UIInterfaceOrientationLandscapeLeft UIInterfaceOrientationLandscapeRight";
				INFOPLIST_KEY_UISupportedInterfaceOrientations_iPhone = "UIInterfaceOrientationPortrait UIInterfaceOrientationLandscapeLeft UIInterfaceOrientationLandscapeRight";
				LD_RUNPATH_SEARCH_PATHS = (
					"$(inherited)",
					"@executable_path/Frameworks",
				);
				MARKETING_VERSION = 1.0;
				PRODUCT_BUNDLE_IDENTIFIER = com.AppleAcademy.Playtivity;
				PRODUCT_NAME = "$(TARGET_NAME)";
				SWIFT_EMIT_LOC_STRINGS = YES;
				SWIFT_VERSION = 5.0;
				TARGETED_DEVICE_FAMILY = "1,2";
			};
			name = Release;
		};
/* End XCBuildConfiguration section */

/* Begin XCConfigurationList section */
		CB5CE3C42916C20800433250 /* Build configuration list for PBXProject "Playtivity" */ = {
			isa = XCConfigurationList;
			buildConfigurations = (
				CB5CE3D52916C20900433250 /* Debug */,
				CB5CE3D62916C20900433250 /* Release */,
			);
			defaultConfigurationIsVisible = 0;
			defaultConfigurationName = Release;
		};
		CB5CE3D72916C20900433250 /* Build configuration list for PBXNativeTarget "Playtivity" */ = {
			isa = XCConfigurationList;
			buildConfigurations = (
				CB5CE3D82916C20900433250 /* Debug */,
				CB5CE3D92916C20900433250 /* Release */,
			);
			defaultConfigurationIsVisible = 0;
			defaultConfigurationName = Release;
		};
/* End XCConfigurationList section */
	};
	rootObject = CB5CE3C12916C20800433250 /* Project object */;
}
